
Microsoft Visual Studio Solution File, Format Version 12.00
# Visual Studio Version 17
VisualStudioVersion = 17.14.36202.13
MinimumVisualStudioVersion = 10.0.40219.1
Project("{FAE04EC0-301F-11D3-BF4B-00C04F79EFBC}") = "A004", "ExampleProject\A004.csproj", "{17F78C22-E509-4F52-8099-C1A49462686B}"
EndProject
Project("{FAE04EC0-301F-11D3-BF4B-00C04F79EFBC}") = "A003", "ConsoleApp1\A003.csproj", "{BF931E68-2CAB-4018-8EC3-F5923565956B}"
EndProject
Project("{FAE04EC0-301F-11D3-BF4B-00C04F79EFBC}") = "A005", "A005\A005.csproj", "{FE680789-CBB2-48AE-8C0D-C28A386605E4}"
EndProject
Global
	GlobalSection(SolutionConfigurationPlatforms) = preSolution
		Debug|Any CPU = Debug|Any CPU
		Release|Any CPU = Release|Any CPU
	EndGlobalSection
	GlobalSection(ProjectConfigurationPlatforms) = postSolution
		{17F78C22-E509-4F52-8099-C1A49462686B}.Debug|Any CPU.ActiveCfg = Debug|Any CPU
		{17F78C22-E509-4F52-8099-C1A49462686B}.Debug|Any CPU.Build.0 = Debug|Any CPU
		{17F78C22-E509-4F52-8099-C1A49462686B}.Release|Any CPU.ActiveCfg = Release|Any CPU
		{17F78C22-E509-4F52-8099-C1A49462686B}.Release|Any CPU.Build.0 = Release|Any CPU
		{BF931E68-2CAB-4018-8EC3-F5923565956B}.Debug|Any CPU.ActiveCfg = Debug|Any CPU
		{BF931E68-2CAB-4018-8EC3-F5923565956B}.Debug|Any CPU.Build.0 = Debug|Any CPU
		{BF931E68-2CAB-4018-8EC3-F5923565956B}.Release|Any CPU.ActiveCfg = Release|Any CPU
		{BF931E68-2CAB-4018-8EC3-F5923565956B}.Release|Any CPU.Build.0 = Release|Any CPU
		{FE680789-CBB2-48AE-8C0D-C28A386605E4}.Debug|Any CPU.ActiveCfg = Debug|Any CPU
		{FE680789-CBB2-48AE-8C0D-C28A386605E4}.Debug|Any CPU.Build.0 = Debug|Any CPU
		{FE680789-CBB2-48AE-8C0D-C28A386605E4}.Release|Any CPU.ActiveCfg = Release|Any CPU
		{FE680789-CBB2-48AE-8C0D-C28A386605E4}.Release|Any CPU.Build.0 = Release|Any CPU
	EndGlobalSection
	GlobalSection(SolutionProperties) = preSolution
		HideSolutionNode = FALSE
	EndGlobalSection
	GlobalSection(ExtensibilityGlobals) = postSolution
		SolutionGuid = {F8DE389F-A3DE-4175-90F5-643523C1C219}
	EndGlobalSection
EndGlobal
